{
  "originHash" : "b50c74d0d8f4ee2a7c9d7aa816f692298db0fc5fe2d4b07c1d50dad59d4c2dc0",
  "pins" : [
    {
      "identity" : "font-manager",
      "kind" : "remoteSourceControl",
      "location" : "https://github.com/NativeScript/font-manager",
      "state" : {
        "revision" : "b76d808497dc57f8c0240057fad771d4104a9566",
        "version" : "1.0.17"
      }
    },
    {
      "identity" : "sdwebimage",
      "kind" : "remoteSourceControl",
      "location" : "https://github.com/SDWebImage/SDWebImage.git",
      "state" : {
        "revision" : "2de3a496eaf6df9a1312862adcfd54acd73c39c0",
        "version" : "5.21.7"
      }
    }
  ],
  "version" : 3
}
