// !$*UTF8*$!
{
	archiveVersion = 1;
	classes = {
	};
	objectVersion = 70;
	objects = {

/* Begin PBXBuildFile section */
		AA904E4B2DAF0EE300F22BE4 /* Mason.framework in Frameworks */ = {isa = PBXBuildFile; fileRef = F184838C293534D800EC35F4 /* Mason.framework */; };
		AA904E4C2DAF0EE300F22BE4 /* Mason.framework in Embed Frameworks */ = {isa = PBXBuildFile; fileRef = F184838C293534D800EC35F4 /* Mason.framework */; settings = {ATTRIBUTES = (CodeSignOnCopy, RemoveHeadersOnCopy, ); }; };
		F1047C672EDE8E3B00599B56 /* Button.swift in Sources */ = {isa = PBXBuildFile; fileRef = F1047C662EDE8E0E00599B56 /* Button.swift */; };
		F134016D2ECE04CE00D6CFD9 /* Background.swift in Sources */ = {isa = PBXBuildFile; fileRef = F134016C2ECE04CB00D6CFD9 /* Background.swift */; };
		F134016F2ECE04DD00D6CFD9 /* Border.swift in Sources */ = {isa = PBXBuildFile; fileRef = F134016E2ECE04DC00D6CFD9 /* Border.swift */; };
		F13B6C7B2DC81AC800624D17 /* NSCFontFaceSet.swift in Sources */ = {isa = PBXBuildFile; fileRef = F13B6C7A2DC81AC400624D17 /* NSCFontFaceSet.swift */; };
		F13B6C7D2DC81AE100624D17 /* NSCFontFace.swift in Sources */ = {isa = PBXBuildFile; fileRef = F13B6C7C2DC81AE000624D17 /* NSCFontFace.swift */; };
		F13D4E8D2E8EEA0100456A68 /* MasonElement.swift in Sources */ = {isa = PBXBuildFile; fileRef = F13D4E8C2E8EE9ED00456A68 /* MasonElement.swift */; };
		F13D4E932E96EDF300456A68 /* MasonDocument.swift in Sources */ = {isa = PBXBuildFile; fileRef = F13D4E922E96EDEF00456A68 /* MasonDocument.swift */; };
		F1848391293534D800EC35F4 /* Mason.docc in Sources */ = {isa = PBXBuildFile; fileRef = F1848390293534D800EC35F4 /* Mason.docc */; };
		F1848397293534D800EC35F4 /* Mason.framework in Frameworks */ = {isa = PBXBuildFile; fileRef = F184838C293534D800EC35F4 /* Mason.framework */; };
		F184839C293534D800EC35F4 /* MasonTests.swift in Sources */ = {isa = PBXBuildFile; fileRef = F184839B293534D800EC35F4 /* MasonTests.swift */; };
		F184839D293534D800EC35F4 /* Mason.h in Headers */ = {isa = PBXBuildFile; fileRef = F184838F293534D800EC35F4 /* Mason.h */; settings = {ATTRIBUTES = (Public, ); }; };
		F18483AD2935351200EC35F4 /* AppDelegate.swift in Sources */ = {isa = PBXBuildFile; fileRef = F18483AC2935351200EC35F4 /* AppDelegate.swift */; };
		F18483AF2935351200EC35F4 /* SceneDelegate.swift in Sources */ = {isa = PBXBuildFile; fileRef = F18483AE2935351200EC35F4 /* SceneDelegate.swift */; };
		F18483B12935351200EC35F4 /* ViewController.swift in Sources */ = {isa = PBXBuildFile; fileRef = F18483B02935351200EC35F4 /* ViewController.swift */; };
		F18483B42935351200EC35F4 /* Main.storyboard in Resources */ = {isa = PBXBuildFile; fileRef = F18483B22935351200EC35F4 /* Main.storyboard */; };
		F18483B62935351300EC35F4 /* Assets.xcassets in Resources */ = {isa = PBXBuildFile; fileRef = F18483B52935351300EC35F4 /* Assets.xcassets */; };
		F18483B92935351300EC35F4 /* LaunchScreen.storyboard in Resources */ = {isa = PBXBuildFile; fileRef = F18483B72935351300EC35F4 /* LaunchScreen.storyboard */; };
		F18483C42935351300EC35F4 /* MasonDemoTests.swift in Sources */ = {isa = PBXBuildFile; fileRef = F18483C32935351300EC35F4 /* MasonDemoTests.swift */; };
		F18483CE2935351300EC35F4 /* MasonDemoUITests.swift in Sources */ = {isa = PBXBuildFile; fileRef = F18483CD2935351300EC35F4 /* MasonDemoUITests.swift */; };
		F18483D02935351300EC35F4 /* MasonDemoUITestsLaunchTests.swift in Sources */ = {isa = PBXBuildFile; fileRef = F18483CF2935351300EC35F4 /* MasonDemoUITestsLaunchTests.swift */; };
		F18483DB29356C3A00EC35F4 /* MasonUIView.swift in Sources */ = {isa = PBXBuildFile; fileRef = F18483DA29356C3A00EC35F4 /* MasonUIView.swift */; };
		F18483DD29356C7800EC35F4 /* MasonStyle.swift in Sources */ = {isa = PBXBuildFile; fileRef = F18483DC29356C7800EC35F4 /* MasonStyle.swift */; };
		F18483DF29356CBF00EC35F4 /* Enums.swift in Sources */ = {isa = PBXBuildFile; fileRef = F18483DE29356CBF00EC35F4 /* Enums.swift */; };
		F18483E129356CD400EC35F4 /* MasonNode.swift in Sources */ = {isa = PBXBuildFile; fileRef = F18483E029356CD400EC35F4 /* MasonNode.swift */; };
		F18483E329357AC900EC35F4 /* NSCMason.swift in Sources */ = {isa = PBXBuildFile; fileRef = F18483E229357AC900EC35F4 /* NSCMason.swift */; };
		F18483E72935935600EC35F4 /* MasonLayout.swift in Sources */ = {isa = PBXBuildFile; fileRef = F18483E62935935600EC35F4 /* MasonLayout.swift */; };
		F18483E92935A19500EC35F4 /* MeasureOutput.swift in Sources */ = {isa = PBXBuildFile; fileRef = F18483E82935A19500EC35F4 /* MeasureOutput.swift */; };
		F18483EB2937047C00EC35F4 /* mason_native.h in Headers */ = {isa = PBXBuildFile; fileRef = F18483EA2937047C00EC35F4 /* mason_native.h */; settings = {ATTRIBUTES = (Public, ); }; };
		F18C9B862E5170CA006E5561 /* Scroll.swift in Sources */ = {isa = PBXBuildFile; fileRef = F18C9B852E5170B8006E5561 /* Scroll.swift */; };
		F18C9B882E5199CA006E5561 /* MasonPoint.swift in Sources */ = {isa = PBXBuildFile; fileRef = F18C9B872E5199C5006E5561 /* MasonPoint.swift */; };
		F18E99132DCB73FC0062B4F7 /* Img.swift in Sources */ = {isa = PBXBuildFile; fileRef = F18E99122DCB73F80062B4F7 /* Img.swift */; };
		F1DE08992EBC1199002870F6 /* Constants.swift in Sources */ = {isa = PBXBuildFile; fileRef = F1DE08982EBC1195002870F6 /* Constants.swift */; };
		F1E4F95229622AD60091913B /* MasonRect.swift in Sources */ = {isa = PBXBuildFile; fileRef = F1E4F95129622AD60091913B /* MasonRect.swift */; };
		F1E4F95429622ADF0091913B /* MasonSize.swift in Sources */ = {isa = PBXBuildFile; fileRef = F1E4F95329622ADF0091913B /* MasonSize.swift */; };
		F1E4F956296231A50091913B /* MasonCompat.swift in Sources */ = {isa = PBXBuildFile; fileRef = F1E4F955296231A50091913B /* MasonCompat.swift */; };
		F1E4F958296241FD0091913B /* MinMax.swift in Sources */ = {isa = PBXBuildFile; fileRef = F1E4F957296241FD0091913B /* MinMax.swift */; };
		F1E4F95A296242660091913B /* MinSizing.swift in Sources */ = {isa = PBXBuildFile; fileRef = F1E4F959296242660091913B /* MinSizing.swift */; };
		F1E4F95C296242700091913B /* MaxSizing.swift in Sources */ = {isa = PBXBuildFile; fileRef = F1E4F95B296242700091913B /* MaxSizing.swift */; };
		F1E4F95E296266A60091913B /* MasonLine.swift in Sources */ = {isa = PBXBuildFile; fileRef = F1E4F95D296266A60091913B /* MasonLine.swift */; };
		F1E4F960296271FB0091913B /* TrackSizingFunction.swift in Sources */ = {isa = PBXBuildFile; fileRef = F1E4F95F296271FB0091913B /* TrackSizingFunction.swift */; };
		F1EE402B2ECF791800EAF4CC /* BackgroundParser.swift in Sources */ = {isa = PBXBuildFile; fileRef = F1EE402A2ECF791600EAF4CC /* BackgroundParser.swift */; };
		F1EE402D2ECFA98F00EAF4CC /* CSSFilters.swift in Sources */ = {isa = PBXBuildFile; fileRef = F1EE402C2ECFA98E00EAF4CC /* CSSFilters.swift */; };
		F1EE40332ED666E500EAF4CC /* BorderParser.swift in Sources */ = {isa = PBXBuildFile; fileRef = F1EE40322ED666DA00EAF4CC /* BorderParser.swift */; };
		F1EE93522E84BA4500DA90BB /* Extensions.swift in Sources */ = {isa = PBXBuildFile; fileRef = F1EE93512E84BA3E00DA90BB /* Extensions.swift */; };
		F1F0AF042EA6C3E1001F0C36 /* SwiftHelpers.swift in Sources */ = {isa = PBXBuildFile; fileRef = F1F0AF032EA6C3CA001F0C36 /* SwiftHelpers.swift */; };
		F1F0AF3F2EB5D11D001F0C36 /* NodeUtils.swift in Sources */ = {isa = PBXBuildFile; fileRef = F1F0AF3E2EB5D116001F0C36 /* NodeUtils.swift */; };
		F1F0AF412EB66FA9001F0C36 /* NativeHelpers.swift in Sources */ = {isa = PBXBuildFile; fileRef = F1F0AF402EB66FA2001F0C36 /* NativeHelpers.swift */; };
/* End PBXBuildFile section */

/* Begin PBXContainerItemProxy section */
		AA904E4D2DAF0EE300F22BE4 /* PBXContainerItemProxy */ = {
			isa = PBXContainerItemProxy;
			containerPortal = F1848383293534D800EC35F4 /* Project object */;
			proxyType = 1;
			remoteGlobalIDString = F184838B293534D800EC35F4;
			remoteInfo = Mason;
		};
		F1848398293534D800EC35F4 /* PBXContainerItemProxy */ = {
			isa = PBXContainerItemProxy;
			containerPortal = F1848383293534D800EC35F4 /* Project object */;
			proxyType = 1;
			remoteGlobalIDString = F184838B293534D800EC35F4;
			remoteInfo = Mason;
		};
		F18483C02935351300EC35F4 /* PBXContainerItemProxy */ = {
			isa = PBXContainerItemProxy;
			containerPortal = F1848383293534D800EC35F4 /* Project object */;
			proxyType = 1;
			remoteGlobalIDString = F18483A92935351200EC35F4;
			remoteInfo = MasonDemo;
		};
		F18483CA2935351300EC35F4 /* PBXContainerItemProxy */ = {
			isa = PBXContainerItemProxy;
			containerPortal = F1848383293534D800EC35F4 /* Project object */;
			proxyType = 1;
			remoteGlobalIDString = F18483A92935351200EC35F4;
			remoteInfo = MasonDemo;
		};
		F18483EC2937115F00EC35F4 /* PBXContainerItemProxy */ = {
			isa = PBXContainerItemProxy;
			containerPortal = F1848383293534D800EC35F4 /* Project object */;
			proxyType = 1;
			remoteGlobalIDString = F184838B293534D800EC35F4;
			remoteInfo = Mason;
		};
/* End PBXContainerItemProxy section */

/* Begin PBXCopyFilesBuildPhase section */
		AA904E4F2DAF0EE300F22BE4 /* Embed Frameworks */ = {
			isa = PBXCopyFilesBuildPhase;
			buildActionMask = 2147483647;
			dstPath = "";
			dstSubfolderSpec = 10;
			files = (
				AA904E4C2DAF0EE300F22BE4 /* Mason.framework in Embed Frameworks */,
			);
			name = "Embed Frameworks";
			runOnlyForDeploymentPostprocessing = 0;
		};
/* End PBXCopyFilesBuildPhase section */

/* Begin PBXFileReference section */
		F1047C662EDE8E0E00599B56 /* Button.swift */ = {isa = PBXFileReference; lastKnownFileType = sourcecode.swift; path = Button.swift; sourceTree = "<group>"; };
		F134016C2ECE04CB00D6CFD9 /* Background.swift */ = {isa = PBXFileReference; lastKnownFileType = sourcecode.swift; path = Background.swift; sourceTree = "<group>"; };
		F134016E2ECE04DC00D6CFD9 /* Border.swift */ = {isa = PBXFileReference; lastKnownFileType = sourcecode.swift; path = Border.swift; sourceTree = "<group>"; };
		F13B6C7A2DC81AC400624D17 /* NSCFontFaceSet.swift */ = {isa = PBXFileReference; lastKnownFileType = sourcecode.swift; path = NSCFontFaceSet.swift; sourceTree = "<group>"; };
		F13B6C7C2DC81AE000624D17 /* NSCFontFace.swift */ = {isa = PBXFileReference; lastKnownFileType = sourcecode.swift; path = NSCFontFace.swift; sourceTree = "<group>"; };
		F13D4E8C2E8EE9ED00456A68 /* MasonElement.swift */ = {isa = PBXFileReference; lastKnownFileType = sourcecode.swift; path = MasonElement.swift; sourceTree = "<group>"; };
		F13D4E922E96EDEF00456A68 /* MasonDocument.swift */ = {isa = PBXFileReference; lastKnownFileType = sourcecode.swift; path = MasonDocument.swift; sourceTree = "<group>"; };
		F184838C293534D800EC35F4 /* Mason.framework */ = {isa = PBXFileReference; explicitFileType = wrapper.framework; includeInIndex = 0; path = Mason.framework; sourceTree = BUILT_PRODUCTS_DIR; };
		F184838F293534D800EC35F4 /* Mason.h */ = {isa = PBXFileReference; lastKnownFileType = sourcecode.c.h; path = Mason.h; sourceTree = "<group>"; };
		F1848390293534D800EC35F4 /* Mason.docc */ = {isa = PBXFileReference; lastKnownFileType = folder.documentationcatalog; path = Mason.docc; sourceTree = "<group>"; };
		F1848396293534D800EC35F4 /* MasonTests.xctest */ = {isa = PBXFileReference; explicitFileType = wrapper.cfbundle; includeInIndex = 0; path = MasonTests.xctest; sourceTree = BUILT_PRODUCTS_DIR; };
		F184839B293534D800EC35F4 /* MasonTests.swift */ = {isa = PBXFileReference; lastKnownFileType = sourcecode.swift; path = MasonTests.swift; sourceTree = "<group>"; };
		F18483AA2935351200EC35F4 /* MasonDemo.app */ = {isa = PBXFileReference; explicitFileType = wrapper.application; includeInIndex = 0; path = MasonDemo.app; sourceTree = BUILT_PRODUCTS_DIR; };
		F18483AC2935351200EC35F4 /* AppDelegate.swift */ = {isa = PBXFileReference; lastKnownFileType = sourcecode.swift; path = AppDelegate.swift; sourceTree = "<group>"; };
		F18483AE2935351200EC35F4 /* SceneDelegate.swift */ = {isa = PBXFileReference; lastKnownFileType = sourcecode.swift; path = SceneDelegate.swift; sourceTree = "<group>"; };
		F18483B02935351200EC35F4 /* ViewController.swift */ = {isa = PBXFileReference; lastKnownFileType = sourcecode.swift; path = ViewController.swift; sourceTree = "<group>"; };
		F18483B32935351200EC35F4 /* Base */ = {isa = PBXFileReference; lastKnownFileType = file.storyboard; name = Base; path = Base.lproj/Main.storyboard; sourceTree = "<group>"; };
		F18483B52935351300EC35F4 /* Assets.xcassets */ = {isa = PBXFileReference; lastKnownFileType = folder.assetcatalog; path = Assets.xcassets; sourceTree = "<group>"; };
		F18483B82935351300EC35F4 /* Base */ = {isa = PBXFileReference; lastKnownFileType = file.storyboard; name = Base; path = Base.lproj/LaunchScreen.storyboard; sourceTree = "<group>"; };
		F18483BA2935351300EC35F4 /* Info.plist */ = {isa = PBXFileReference; lastKnownFileType = text.plist.xml; path = Info.plist; sourceTree = "<group>"; };
		F18483BF2935351300EC35F4 /* MasonDemoTests.xctest */ = {isa = PBXFileReference; explicitFileType = wrapper.cfbundle; includeInIndex = 0; path = MasonDemoTests.xctest; sourceTree = BUILT_PRODUCTS_DIR; };
		F18483C32935351300EC35F4 /* MasonDemoTests.swift */ = {isa = PBXFileReference; lastKnownFileType = sourcecode.swift; path = MasonDemoTests.swift; sourceTree = "<group>"; };
		F18483C92935351300EC35F4 /* MasonDemoUITests.xctest */ = {isa = PBXFileReference; explicitFileType = wrapper.cfbundle; includeInIndex = 0; path = MasonDemoUITests.xctest; sourceTree = BUILT_PRODUCTS_DIR; };
		F18483CD2935351300EC35F4 /* MasonDemoUITests.swift */ = {isa = PBXFileReference; lastKnownFileType = sourcecode.swift; path = MasonDemoUITests.swift; sourceTree = "<group>"; };
		F18483CF2935351300EC35F4 /* MasonDemoUITestsLaunchTests.swift */ = {isa = PBXFileReference; lastKnownFileType = sourcecode.swift; path = MasonDemoUITestsLaunchTests.swift; sourceTree = "<group>"; };
		F18483DA29356C3A00EC35F4 /* MasonUIView.swift */ = {isa = PBXFileReference; lastKnownFileType = sourcecode.swift; path = MasonUIView.swift; sourceTree = "<group>"; };
		F18483DC29356C7800EC35F4 /* MasonStyle.swift */ = {isa = PBXFileReference; lastKnownFileType = sourcecode.swift; path = MasonStyle.swift; sourceTree = "<group>"; };
		F18483DE29356CBF00EC35F4 /* Enums.swift */ = {isa = PBXFileReference; lastKnownFileType = sourcecode.swift; path = Enums.swift; sourceTree = "<group>"; };
		F18483E029356CD400EC35F4 /* MasonNode.swift */ = {isa = PBXFileReference; lastKnownFileType = sourcecode.swift; path = MasonNode.swift; sourceTree = "<group>"; };
		F18483E229357AC900EC35F4 /* NSCMason.swift */ = {isa = PBXFileReference; lastKnownFileType = sourcecode.swift; path = NSCMason.swift; sourceTree = "<group>"; };
		F18483E62935935600EC35F4 /* MasonLayout.swift */ = {isa = PBXFileReference; lastKnownFileType = sourcecode.swift; path = MasonLayout.swift; sourceTree = "<group>"; };
		F18483E82935A19500EC35F4 /* MeasureOutput.swift */ = {isa = PBXFileReference; lastKnownFileType = sourcecode.swift; path = MeasureOutput.swift; sourceTree = "<group>"; };
		F18483EA2937047C00EC35F4 /* mason_native.h */ = {isa = PBXFileReference; lastKnownFileType = sourcecode.c.h; name = mason_native.h; path = include/mason_native.h; sourceTree = "<group>"; };
		F18C9B852E5170B8006E5561 /* Scroll.swift */ = {isa = PBXFileReference; lastKnownFileType = sourcecode.swift; path = Scroll.swift; sourceTree = "<group>"; };
		F18C9B872E5199C5006E5561 /* MasonPoint.swift */ = {isa = PBXFileReference; lastKnownFileType = sourcecode.swift; path = MasonPoint.swift; sourceTree = "<group>"; };
		F18E99122DCB73F80062B4F7 /* Img.swift */ = {isa = PBXFileReference; lastKnownFileType = sourcecode.swift; path = Img.swift; sourceTree = "<group>"; };
		F18E99142DCB95F80062B4F7 /* Accelerate.framework */ = {isa = PBXFileReference; lastKnownFileType = wrapper.framework; name = Accelerate.framework; path = Platforms/MacOSX.platform/Developer/SDKs/MacOSX15.1.sdk/System/Library/Frameworks/Accelerate.framework; sourceTree = DEVELOPER_DIR; };
		F1DE08982EBC1195002870F6 /* Constants.swift */ = {isa = PBXFileReference; lastKnownFileType = sourcecode.swift; path = Constants.swift; sourceTree = "<group>"; };
		F1E4F95129622AD60091913B /* MasonRect.swift */ = {isa = PBXFileReference; lastKnownFileType = sourcecode.swift; path = MasonRect.swift; sourceTree = "<group>"; };
		F1E4F95329622ADF0091913B /* MasonSize.swift */ = {isa = PBXFileReference; lastKnownFileType = sourcecode.swift; path = MasonSize.swift; sourceTree = "<group>"; };
		F1E4F955296231A50091913B /* MasonCompat.swift */ = {isa = PBXFileReference; lastKnownFileType = sourcecode.swift; path = MasonCompat.swift; sourceTree = "<group>"; };
		F1E4F957296241FD0091913B /* MinMax.swift */ = {isa = PBXFileReference; lastKnownFileType = sourcecode.swift; path = MinMax.swift; sourceTree = "<group>"; };
		F1E4F959296242660091913B /* MinSizing.swift */ = {isa = PBXFileReference; lastKnownFileType = sourcecode.swift; path = MinSizing.swift; sourceTree = "<group>"; };
		F1E4F95B296242700091913B /* MaxSizing.swift */ = {isa = PBXFileReference; lastKnownFileType = sourcecode.swift; path = MaxSizing.swift; sourceTree = "<group>"; };
		F1E4F95D296266A60091913B /* MasonLine.swift */ = {isa = PBXFileReference; lastKnownFileType = sourcecode.swift; path = MasonLine.swift; sourceTree = "<group>"; };
		F1E4F95F296271FB0091913B /* TrackSizingFunction.swift */ = {isa = PBXFileReference; lastKnownFileType = sourcecode.swift; path = TrackSizingFunction.swift; sourceTree = "<group>"; };
		F1EE402A2ECF791600EAF4CC /* BackgroundParser.swift */ = {isa = PBXFileReference; lastKnownFileType = sourcecode.swift; path = BackgroundParser.swift; sourceTree = "<group>"; };
		F1EE402C2ECFA98E00EAF4CC /* CSSFilters.swift */ = {isa = PBXFileReference; lastKnownFileType = sourcecode.swift; path = CSSFilters.swift; sourceTree = "<group>"; };
		F1EE40322ED666DA00EAF4CC /* BorderParser.swift */ = {isa = PBXFileReference; lastKnownFileType = sourcecode.swift; path = BorderParser.swift; sourceTree = "<group>"; };
		F1EE93512E84BA3E00DA90BB /* Extensions.swift */ = {isa = PBXFileReference; lastKnownFileType = sourcecode.swift; path = Extensions.swift; sourceTree = "<group>"; };
		F1F0AF032EA6C3CA001F0C36 /* SwiftHelpers.swift */ = {isa = PBXFileReference; lastKnownFileType = sourcecode.swift; path = SwiftHelpers.swift; sourceTree = "<group>"; };
		F1F0AF3E2EB5D116001F0C36 /* NodeUtils.swift */ = {isa = PBXFileReference; lastKnownFileType = sourcecode.swift; path = NodeUtils.swift; sourceTree = "<group>"; };
		F1F0AF402EB66FA2001F0C36 /* NativeHelpers.swift */ = {isa = PBXFileReference; lastKnownFileType = sourcecode.swift; path = NativeHelpers.swift; sourceTree = "<group>"; };
/* End PBXFileReference section */

/* Begin PBXFileSystemSynchronizedRootGroup section */
		F1EE934D2E849EE700DA90BB /* text */ = {isa = PBXFileSystemSynchronizedRootGroup; explicitFileTypes = {}; explicitFolders = (); path = text; sourceTree = "<group>"; };
/* End PBXFileSystemSynchronizedRootGroup section */

/* Begin PBXFrameworksBuildPhase section */
		F1848389293534D800EC35F4 /* Frameworks */ = {
			isa = PBXFrameworksBuildPhase;
			buildActionMask = 2147483647;
			files = (
			);
			runOnlyForDeploymentPostprocessing = 0;
		};
		F1848393293534D800EC35F4 /* Frameworks */ = {
			isa = PBXFrameworksBuildPhase;
			buildActionMask = 2147483647;
			files = (
				F1848397293534D800EC35F4 /* Mason.framework in Frameworks */,
			);
			runOnlyForDeploymentPostprocessing = 0;
		};
		F18483A72935351200EC35F4 /* Frameworks */ = {
			isa = PBXFrameworksBuildPhase;
			buildActionMask = 2147483647;
			files = (
				AA904E4B2DAF0EE300F22BE4 /* Mason.framework in Frameworks */,
			);
			runOnlyForDeploymentPostprocessing = 0;
		};
		F18483BC2935351300EC35F4 /* Frameworks */ = {
			isa = PBXFrameworksBuildPhase;
			buildActionMask = 2147483647;
			files = (
			);
			runOnlyForDeploymentPostprocessing = 0;
		};
		F18483C62935351300EC35F4 /* Frameworks */ = {
			isa = PBXFrameworksBuildPhase;
			buildActionMask = 2147483647;
			files = (
			);
			runOnlyForDeploymentPostprocessing = 0;
		};
/* End PBXFrameworksBuildPhase section */

/* Begin PBXGroup section */
		0C9E8EC0DFD2DE1A229D4FBD /* Pods */ = {
			isa = PBXGroup;
			children = (
			);
			path = Pods;
			sourceTree = "<group>";
		};
		AA904E4A2DAF0EE300F22BE4 /* Frameworks */ = {
			isa = PBXGroup;
			children = (
				F18E99142DCB95F80062B4F7 /* Accelerate.framework */,
			);
			name = Frameworks;
			sourceTree = "<group>";
		};
		F1848382293534D800EC35F4 = {
			isa = PBXGroup;
			children = (
				F18483EA2937047C00EC35F4 /* mason_native.h */,
				F184838E293534D800EC35F4 /* Mason */,
				F184839A293534D800EC35F4 /* MasonTests */,
				F18483AB2935351200EC35F4 /* MasonDemo */,
				F18483C22935351300EC35F4 /* MasonDemoTests */,
				F18483CC2935351300EC35F4 /* MasonDemoUITests */,
				F184838D293534D800EC35F4 /* Products */,
				0C9E8EC0DFD2DE1A229D4FBD /* Pods */,
				AA904E4A2DAF0EE300F22BE4 /* Frameworks */,
			);
			sourceTree = "<group>";
		};
		F184838D293534D800EC35F4 /* Products */ = {
			isa = PBXGroup;
			children = (
				F184838C293534D800EC35F4 /* Mason.framework */,
				F1848396293534D800EC35F4 /* MasonTests.xctest */,
				F18483AA2935351200EC35F4 /* MasonDemo.app */,
				F18483BF2935351300EC35F4 /* MasonDemoTests.xctest */,
				F18483C92935351300EC35F4 /* MasonDemoUITests.xctest */,
			);
			name = Products;
			sourceTree = "<group>";
		};
		F184838E293534D800EC35F4 /* Mason */ = {
			isa = PBXGroup;
			children = (
				F1047C662EDE8E0E00599B56 /* Button.swift */,
				F1EE40322ED666DA00EAF4CC /* BorderParser.swift */,
				F1EE402C2ECFA98E00EAF4CC /* CSSFilters.swift */,
				F1EE402A2ECF791600EAF4CC /* BackgroundParser.swift */,
				F134016E2ECE04DC00D6CFD9 /* Border.swift */,
				F134016C2ECE04CB00D6CFD9 /* Background.swift */,
				F1DE08982EBC1195002870F6 /* Constants.swift */,
				F1F0AF402EB66FA2001F0C36 /* NativeHelpers.swift */,
				F1F0AF3E2EB5D116001F0C36 /* NodeUtils.swift */,
				F1F0AF032EA6C3CA001F0C36 /* SwiftHelpers.swift */,
				F13D4E922E96EDEF00456A68 /* MasonDocument.swift */,
				F13D4E8C2E8EE9ED00456A68 /* MasonElement.swift */,
				F1EE93512E84BA3E00DA90BB /* Extensions.swift */,
				F1EE934D2E849EE700DA90BB /* text */,
				F18C9B872E5199C5006E5561 /* MasonPoint.swift */,
				F18C9B852E5170B8006E5561 /* Scroll.swift */,
				F18E99122DCB73F80062B4F7 /* Img.swift */,
				F13B6C7C2DC81AE000624D17 /* NSCFontFace.swift */,
				F13B6C7A2DC81AC400624D17 /* NSCFontFaceSet.swift */,
				F184838F293534D800EC35F4 /* Mason.h */,
				F1848390293534D800EC35F4 /* Mason.docc */,
				F18483DA29356C3A00EC35F4 /* MasonUIView.swift */,
				F18483DC29356C7800EC35F4 /* MasonStyle.swift */,
				F18483DE29356CBF00EC35F4 /* Enums.swift */,
				F18483E029356CD400EC35F4 /* MasonNode.swift */,
				F18483E229357AC900EC35F4 /* NSCMason.swift */,
				F18483E62935935600EC35F4 /* MasonLayout.swift */,
				F18483E82935A19500EC35F4 /* MeasureOutput.swift */,
				F1E4F95129622AD60091913B /* MasonRect.swift */,
				F1E4F95329622ADF0091913B /* MasonSize.swift */,
				F1E4F955296231A50091913B /* MasonCompat.swift */,
				F1E4F957296241FD0091913B /* MinMax.swift */,
				F1E4F959296242660091913B /* MinSizing.swift */,
				F1E4F95B296242700091913B /* MaxSizing.swift */,
				F1E4F95D296266A60091913B /* MasonLine.swift */,
				F1E4F95F296271FB0091913B /* TrackSizingFunction.swift */,
			);
			path = Mason;
			sourceTree = "<group>";
		};
		F184839A293534D800EC35F4 /* MasonTests */ = {
			isa = PBXGroup;
			children = (
				F184839B293534D800EC35F4 /* MasonTests.swift */,
			);
			path = MasonTests;
			sourceTree = "<group>";
		};
		F18483AB2935351200EC35F4 /* MasonDemo */ = {
			isa = PBXGroup;
			children = (
				F18483AC2935351200EC35F4 /* AppDelegate.swift */,
				F18483AE2935351200EC35F4 /* SceneDelegate.swift */,
				F18483B02935351200EC35F4 /* ViewController.swift */,
				F18483B22935351200EC35F4 /* Main.storyboard */,
				F18483B52935351300EC35F4 /* Assets.xcassets */,
				F18483B72935351300EC35F4 /* LaunchScreen.storyboard */,
				F18483BA2935351300EC35F4 /* Info.plist */,
			);
			path = MasonDemo;
			sourceTree = "<group>";
		};
		F18483C22935351300EC35F4 /* MasonDemoTests */ = {
			isa = PBXGroup;
			children = (
				F18483C32935351300EC35F4 /* MasonDemoTests.swift */,
			);
			path = MasonDemoTests;
			sourceTree = "<group>";
		};
		F18483CC2935351300EC35F4 /* MasonDemoUITests */ = {
			isa = PBXGroup;
			children = (
				F18483CD2935351300EC35F4 /* MasonDemoUITests.swift */,
				F18483CF2935351300EC35F4 /* MasonDemoUITestsLaunchTests.swift */,
			);
			path = MasonDemoUITests;
			sourceTree = "<group>";
		};
/* End PBXGroup section */

/* Begin PBXHeadersBuildPhase section */
		F1848387293534D800EC35F4 /* Headers */ = {
			isa = PBXHeadersBuildPhase;
			buildActionMask = 2147483647;
			files = (
				F184839D293534D800EC35F4 /* Mason.h in Headers */,
				F18483EB2937047C00EC35F4 /* mason_native.h in Headers */,
			);
			runOnlyForDeploymentPostprocessing = 0;
		};
/* End PBXHeadersBuildPhase section */

/* Begin PBXNativeTarget section */
		F184838B293534D800EC35F4 /* Mason */ = {
			isa = PBXNativeTarget;
			buildConfigurationList = F18483A0293534D800EC35F4 /* Build configuration list for PBXNativeTarget "Mason" */;
			buildPhases = (
				F1046CFF2D8BABAF00228EE2 /* Build Mason Rust */,
				F1848387293534D800EC35F4 /* Headers */,
				F1848388293534D800EC35F4 /* Sources */,
				F1848389293534D800EC35F4 /* Frameworks */,
				F184838A293534D800EC35F4 /* Resources */,
			);
			buildRules = (
			);
			dependencies = (
			);
			fileSystemSynchronizedGroups = (
				F1EE934D2E849EE700DA90BB /* text */,
			);
			name = Mason;
			productName = Mason;
			productReference = F184838C293534D800EC35F4 /* Mason.framework */;
			productType = "com.apple.product-type.framework";
		};
		F1848395293534D800EC35F4 /* MasonTests */ = {
			isa = PBXNativeTarget;
			buildConfigurationList = F18483A3293534D800EC35F4 /* Build configuration list for PBXNativeTarget "MasonTests" */;
			buildPhases = (
				F1848392293534D800EC35F4 /* Sources */,
				F1848393293534D800EC35F4 /* Frameworks */,
				F1848394293534D800EC35F4 /* Resources */,
			);
			buildRules = (
			);
			dependencies = (
				F1848399293534D800EC35F4 /* PBXTargetDependency */,
			);
			name = MasonTests;
			productName = MasonTests;
			productReference = F1848396293534D800EC35F4 /* MasonTests.xctest */;
			productType = "com.apple.product-type.bundle.unit-test";
		};
		F18483A92935351200EC35F4 /* MasonDemo */ = {
			isa = PBXNativeTarget;
			buildConfigurationList = F18483D12935351300EC35F4 /* Build configuration list for PBXNativeTarget "MasonDemo" */;
			buildPhases = (
				F18483A62935351200EC35F4 /* Sources */,
				F18483A72935351200EC35F4 /* Frameworks */,
				F18483A82935351200EC35F4 /* Resources */,
				AA904E4F2DAF0EE300F22BE4 /* Embed Frameworks */,
			);
			buildRules = (
			);
			dependencies = (
				F18483ED2937115F00EC35F4 /* PBXTargetDependency */,
				AA904E4E2DAF0EE300F22BE4 /* PBXTargetDependency */,
			);
			name = MasonDemo;
			productName = MasonDemo;
			productReference = F18483AA2935351200EC35F4 /* MasonDemo.app */;
			productType = "com.apple.product-type.application";
		};
		F18483BE2935351300EC35F4 /* MasonDemoTests */ = {
			isa = PBXNativeTarget;
			buildConfigurationList = F18483D42935351300EC35F4 /* Build configuration list for PBXNativeTarget "MasonDemoTests" */;
			buildPhases = (
				F18483BB2935351300EC35F4 /* Sources */,
				F18483BC2935351300EC35F4 /* Frameworks */,
				F18483BD2935351300EC35F4 /* Resources */,
			);
			buildRules = (
			);
			dependencies = (
				F18483C12935351300EC35F4 /* PBXTargetDependency */,
			);
			name = MasonDemoTests;
			productName = MasonDemoTests;
			productReference = F18483BF2935351300EC35F4 /* MasonDemoTests.xctest */;
			productType = "com.apple.product-type.bundle.unit-test";
		};
		F18483C82935351300EC35F4 /* MasonDemoUITests */ = {
			isa = PBXNativeTarget;
			buildConfigurationList = F18483D72935351300EC35F4 /* Build configuration list for PBXNativeTarget "MasonDemoUITests" */;
			buildPhases = (
				F18483C52935351300EC35F4 /* Sources */,
				F18483C62935351300EC35F4 /* Frameworks */,
				F18483C72935351300EC35F4 /* Resources */,
			);
			buildRules = (
			);
			dependencies = (
				F18483CB2935351300EC35F4 /* PBXTargetDependency */,
			);
			name = MasonDemoUITests;
			productName = MasonDemoUITests;
			productReference = F18483C92935351300EC35F4 /* MasonDemoUITests.xctest */;
			productType = "com.apple.product-type.bundle.ui-testing";
		};
/* End PBXNativeTarget section */

/* Begin PBXProject section */
		F1848383293534D800EC35F4 /* Project object */ = {
			isa = PBXProject;
			attributes = {
				BuildIndependentTargetsInParallel = 1;
				LastSwiftUpdateCheck = 1400;
				LastUpgradeCheck = 1400;
				TargetAttributes = {
					F184838B293534D800EC35F4 = {
						CreatedOnToolsVersion = 14.0;
						LastSwiftMigration = 1640;
					};
					F1848395293534D800EC35F4 = {
						CreatedOnToolsVersion = 14.0;
					};
					F18483A92935351200EC35F4 = {
						CreatedOnToolsVersion = 14.0;
					};
					F18483BE2935351300EC35F4 = {
						CreatedOnToolsVersion = 14.0;
						TestTargetID = F18483A92935351200EC35F4;
					};
					F18483C82935351300EC35F4 = {
						CreatedOnToolsVersion = 14.0;
						TestTargetID = F18483A92935351200EC35F4;
					};
				};
			};
			buildConfigurationList = F1848386293534D800EC35F4 /* Build configuration list for PBXProject "Mason" */;
			compatibilityVersion = "Xcode 13.0";
			developmentRegion = en;
			hasScannedForEncodings = 0;
			knownRegions = (
				en,
				Base,
			);
			mainGroup = F1848382293534D800EC35F4;
			productRefGroup = F184838D293534D800EC35F4 /* Products */;
			projectDirPath = "";
			projectRoot = "";
			targets = (
				F184838B293534D800EC35F4 /* Mason */,
				F1848395293534D800EC35F4 /* MasonTests */,
				F18483A92935351200EC35F4 /* MasonDemo */,
				F18483BE2935351300EC35F4 /* MasonDemoTests */,
				F18483C82935351300EC35F4 /* MasonDemoUITests */,
			);
		};
/* End PBXProject section */

/* Begin PBXResourcesBuildPhase section */
		F184838A293534D800EC35F4 /* Resources */ = {
			isa = PBXResourcesBuildPhase;
			buildActionMask = 2147483647;
			files = (
			);
			runOnlyForDeploymentPostprocessing = 0;
		};
		F1848394293534D800EC35F4 /* Resources */ = {
			isa = PBXResourcesBuildPhase;
			buildActionMask = 2147483647;
			files = (
			);
			runOnlyForDeploymentPostprocessing = 0;
		};
		F18483A82935351200EC35F4 /* Resources */ = {
			isa = PBXResourcesBuildPhase;
			buildActionMask = 2147483647;
			files = (
				F18483B92935351300EC35F4 /* LaunchScreen.storyboard in Resources */,
				F18483B62935351300EC35F4 /* Assets.xcassets in Resources */,
				F18483B42935351200EC35F4 /* Main.storyboard in Resources */,
			);
			runOnlyForDeploymentPostprocessing = 0;
		};
		F18483BD2935351300EC35F4 /* Resources */ = {
			isa = PBXResourcesBuildPhase;
			buildActionMask = 2147483647;
			files = (
			);
			runOnlyForDeploymentPostprocessing = 0;
		};
		F18483C72935351300EC35F4 /* Resources */ = {
			isa = PBXResourcesBuildPhase;
			buildActionMask = 2147483647;
			files = (
			);
			runOnlyForDeploymentPostprocessing = 0;
		};
/* End PBXResourcesBuildPhase section */

/* Begin PBXShellScriptBuildPhase section */
		F1046CFF2D8BABAF00228EE2 /* Build Mason Rust */ = {
			isa = PBXShellScriptBuildPhase;
			buildActionMask = 2147483647;
			files = (
			);
			inputFileListPaths = (
			);
			inputPaths = (
			);
			name = "Build Mason Rust";
			outputFileListPaths = (
			);
			outputPaths = (
			);
			runOnlyForDeploymentPostprocessing = 0;
			shellPath = /bin/sh;
			shellScript = "set -e\n\"$SRCROOT/pre-build.sh\"\n";
		};
/* End PBXShellScriptBuildPhase section */

/* Begin PBXSourcesBuildPhase section */
		F1848388293534D800EC35F4 /* Sources */ = {
			isa = PBXSourcesBuildPhase;
			buildActionMask = 2147483647;
			files = (
				F13B6C7D2DC81AE100624D17 /* NSCFontFace.swift in Sources */,
				F13D4E932E96EDF300456A68 /* MasonDocument.swift in Sources */,
				F1E4F95E296266A60091913B /* MasonLine.swift in Sources */,
				F1E4F958296241FD0091913B /* MinMax.swift in Sources */,
				F1DE08992EBC1199002870F6 /* Constants.swift in Sources */,
				F134016F2ECE04DD00D6CFD9 /* Border.swift in Sources */,
				F1047C672EDE8E3B00599B56 /* Button.swift in Sources */,
				F18483E329357AC900EC35F4 /* NSCMason.swift in Sources */,
				F18483E92935A19500EC35F4 /* MeasureOutput.swift in Sources */,
				F1848391293534D800EC35F4 /* Mason.docc in Sources */,
				F1E4F95C296242700091913B /* MaxSizing.swift in Sources */,
				F1E4F95429622ADF0091913B /* MasonSize.swift in Sources */,
				F18483E129356CD400EC35F4 /* MasonNode.swift in Sources */,
				F13D4E8D2E8EEA0100456A68 /* MasonElement.swift in Sources */,
				F1E4F95A296242660091913B /* MinSizing.swift in Sources */,
				F1F0AF412EB66FA9001F0C36 /* NativeHelpers.swift in Sources */,
				F18483E72935935600EC35F4 /* MasonLayout.swift in Sources */,
				F1E4F960296271FB0091913B /* TrackSizingFunction.swift in Sources */,
				F1EE402D2ECFA98F00EAF4CC /* CSSFilters.swift in Sources */,
				F1E4F956296231A50091913B /* MasonCompat.swift in Sources */,
				F13B6C7B2DC81AC800624D17 /* NSCFontFaceSet.swift in Sources */,
				F1E4F95229622AD60091913B /* MasonRect.swift in Sources */,
				F18483DD29356C7800EC35F4 /* MasonStyle.swift in Sources */,
				F18C9B882E5199CA006E5561 /* MasonPoint.swift in Sources */,
				F1EE40332ED666E500EAF4CC /* BorderParser.swift in Sources */,
				F1F0AF3F2EB5D11D001F0C36 /* NodeUtils.swift in Sources */,
				F1F0AF042EA6C3E1001F0C36 /* SwiftHelpers.swift in Sources */,
				F1EE93522E84BA4500DA90BB /* Extensions.swift in Sources */,
				F1EE402B2ECF791800EAF4CC /* BackgroundParser.swift in Sources */,
				F18E99132DCB73FC0062B4F7 /* Img.swift in Sources */,
				F18483DF29356CBF00EC35F4 /* Enums.swift in Sources */,
				F18483DB29356C3A00EC35F4 /* MasonUIView.swift in Sources */,
				F134016D2ECE04CE00D6CFD9 /* Background.swift in Sources */,
				F18C9B862E5170CA006E5561 /* Scroll.swift in Sources */,
			);
			runOnlyForDeploymentPostprocessing = 0;
		};
		F1848392293534D800EC35F4 /* Sources */ = {
			isa = PBXSourcesBuildPhase;
			buildActionMask = 2147483647;
			files = (
				F184839C293534D800EC35F4 /* MasonTests.swift in Sources */,
			);
			runOnlyForDeploymentPostprocessing = 0;
		};
		F18483A62935351200EC35F4 /* Sources */ = {
			isa = PBXSourcesBuildPhase;
			buildActionMask = 2147483647;
			files = (
				F18483B12935351200EC35F4 /* ViewController.swift in Sources */,
				F18483AD2935351200EC35F4 /* AppDelegate.swift in Sources */,
				F18483AF2935351200EC35F4 /* SceneDelegate.swift in Sources */,
			);
			runOnlyForDeploymentPostprocessing = 0;
		};
		F18483BB2935351300EC35F4 /* Sources */ = {
			isa = PBXSourcesBuildPhase;
			buildActionMask = 2147483647;
			files = (
				F18483C42935351300EC35F4 /* MasonDemoTests.swift in Sources */,
			);
			runOnlyForDeploymentPostprocessing = 0;
		};
		F18483C52935351300EC35F4 /* Sources */ = {
			isa = PBXSourcesBuildPhase;
			buildActionMask = 2147483647;
			files = (
				F18483D02935351300EC35F4 /* MasonDemoUITestsLaunchTests.swift in Sources */,
				F18483CE2935351300EC35F4 /* MasonDemoUITests.swift in Sources */,
			);
			runOnlyForDeploymentPostprocessing = 0;
		};
/* End PBXSourcesBuildPhase section */

/* Begin PBXTargetDependency section */
		AA904E4E2DAF0EE300F22BE4 /* PBXTargetDependency */ = {
			isa = PBXTargetDependency;
			target = F184838B293534D800EC35F4 /* Mason */;
			targetProxy = AA904E4D2DAF0EE300F22BE4 /* PBXContainerItemProxy */;
		};
		F1848399293534D800EC35F4 /* PBXTargetDependency */ = {
			isa = PBXTargetDependency;
			target = F184838B293534D800EC35F4 /* Mason */;
			targetProxy = F1848398293534D800EC35F4 /* PBXContainerItemProxy */;
		};
		F18483C12935351300EC35F4 /* PBXTargetDependency */ = {
			isa = PBXTargetDependency;
			target = F18483A92935351200EC35F4 /* MasonDemo */;
			targetProxy = F18483C02935351300EC35F4 /* PBXContainerItemProxy */;
		};
		F18483CB2935351300EC35F4 /* PBXTargetDependency */ = {
			isa = PBXTargetDependency;
			target = F18483A92935351200EC35F4 /* MasonDemo */;
			targetProxy = F18483CA2935351300EC35F4 /* PBXContainerItemProxy */;
		};
		F18483ED2937115F00EC35F4 /* PBXTargetDependency */ = {
			isa = PBXTargetDependency;
			target = F184838B293534D800EC35F4 /* Mason */;
			targetProxy = F18483EC2937115F00EC35F4 /* PBXContainerItemProxy */;
		};
/* End PBXTargetDependency section */

/* Begin PBXVariantGroup section */
		F18483B22935351200EC35F4 /* Main.storyboard */ = {
			isa = PBXVariantGroup;
			children = (
				F18483B32935351200EC35F4 /* Base */,
			);
			name = Main.storyboard;
			sourceTree = "<group>";
		};
		F18483B72935351300EC35F4 /* LaunchScreen.storyboard */ = {
			isa = PBXVariantGroup;
			children = (
				F18483B82935351300EC35F4 /* Base */,
			);
			name = LaunchScreen.storyboard;
			sourceTree = "<group>";
		};
/* End PBXVariantGroup section */

/* Begin XCBuildConfiguration section */
		F184839E293534D800EC35F4 /* Debug */ = {
			isa = XCBuildConfiguration;
			buildSettings = {
				ALWAYS_SEARCH_USER_PATHS = NO;
				CLANG_ANALYZER_NONNULL = YES;
				CLANG_ANALYZER_NUMBER_OBJECT_CONVERSION = YES_AGGRESSIVE;
				CLANG_CXX_LANGUAGE_STANDARD = "gnu++20";
				CLANG_ENABLE_MODULES = YES;
				CLANG_ENABLE_OBJC_ARC = YES;
				CLANG_ENABLE_OBJC_WEAK = YES;
				CLANG_WARN_BLOCK_CAPTURE_AUTORELEASING = YES;
				CLANG_WARN_BOOL_CONVERSION = YES;
				CLANG_WARN_COMMA = YES;
				CLANG_WARN_CONSTANT_CONVERSION = YES;
				CLANG_WARN_DEPRECATED_OBJC_IMPLEMENTATIONS = YES;
				CLANG_WARN_DIRECT_OBJC_ISA_USAGE = YES_ERROR;
				CLANG_WARN_DOCUMENTATION_COMMENTS = YES;
				CLANG_WARN_EMPTY_BODY = YES;
				CLANG_WARN_ENUM_CONVERSION = YES;
				CLANG_WARN_INFINITE_RECURSION = YES;
				CLANG_WARN_INT_CONVERSION = YES;
				CLANG_WARN_NON_LITERAL_NULL_CONVERSION = YES;
				CLANG_WARN_OBJC_IMPLICIT_RETAIN_SELF = YES;
				CLANG_WARN_OBJC_LITERAL_CONVERSION = YES;
				CLANG_WARN_OBJC_ROOT_CLASS = YES_ERROR;
				CLANG_WARN_QUOTED_INCLUDE_IN_FRAMEWORK_HEADER = YES;
				CLANG_WARN_RANGE_LOOP_ANALYSIS = YES;
				CLANG_WARN_STRICT_PROTOTYPES = YES;
				CLANG_WARN_SUSPICIOUS_MOVE = YES;
				CLANG_WARN_UNGUARDED_AVAILABILITY = YES_AGGRESSIVE;
				CLANG_WARN_UNREACHABLE_CODE = YES;
				CLANG_WARN__DUPLICATE_METHOD_MATCH = YES;
				COPY_PHASE_STRIP = NO;
				CURRENT_PROJECT_VERSION = 1;
				DEBUG_INFORMATION_FORMAT = dwarf;
				ENABLE_STRICT_OBJC_MSGSEND = YES;
				ENABLE_TESTABILITY = YES;
				GCC_C_LANGUAGE_STANDARD = gnu11;
				GCC_DYNAMIC_NO_PIC = NO;
				GCC_NO_COMMON_BLOCKS = YES;
				GCC_OPTIMIZATION_LEVEL = 0;
				GCC_PREPROCESSOR_DEFINITIONS = (
					"DEBUG=1",
					"$(inherited)",
				);
				GCC_WARN_64_TO_32_BIT_CONVERSION = YES;
				GCC_WARN_ABOUT_RETURN_TYPE = YES_ERROR;
				GCC_WARN_UNDECLARED_SELECTOR = YES;
				GCC_WARN_UNINITIALIZED_AUTOS = YES_AGGRESSIVE;
				GCC_WARN_UNUSED_FUNCTION = YES;
				GCC_WARN_UNUSED_VARIABLE = YES;
				IPHONEOS_DEPLOYMENT_TARGET = 16.0;
				MTL_ENABLE_DEBUG_INFO = INCLUDE_SOURCE;
				MTL_FAST_MATH = YES;
				ONLY_ACTIVE_ARCH = YES;
				SDKROOT = iphoneos;
				SWIFT_ACTIVE_COMPILATION_CONDITIONS = DEBUG;
				SWIFT_OPTIMIZATION_LEVEL = "-Onone";
				VERSIONING_SYSTEM = "apple-generic";
				VERSION_INFO_PREFIX = "";
			};
			name = Debug;
		};
		F184839F293534D800EC35F4 /* Release */ = {
			isa = XCBuildConfiguration;
			buildSettings = {
				ALWAYS_SEARCH_USER_PATHS = NO;
				CLANG_ANALYZER_NONNULL = YES;
				CLANG_ANALYZER_NUMBER_OBJECT_CONVERSION = YES_AGGRESSIVE;
				CLANG_CXX_LANGUAGE_STANDARD = "gnu++20";
				CLANG_ENABLE_MODULES = YES;
				CLANG_ENABLE_OBJC_ARC = YES;
				CLANG_ENABLE_OBJC_WEAK = YES;
				CLANG_WARN_BLOCK_CAPTURE_AUTORELEASING = YES;
				CLANG_WARN_BOOL_CONVERSION = YES;
				CLANG_WARN_COMMA = YES;
				CLANG_WARN_CONSTANT_CONVERSION = YES;
				CLANG_WARN_DEPRECATED_OBJC_IMPLEMENTATIONS = YES;
				CLANG_WARN_DIRECT_OBJC_ISA_USAGE = YES_ERROR;
				CLANG_WARN_DOCUMENTATION_COMMENTS = YES;
				CLANG_WARN_EMPTY_BODY = YES;
				CLANG_WARN_ENUM_CONVERSION = YES;
				CLANG_WARN_INFINITE_RECURSION = YES;
				CLANG_WARN_INT_CONVERSION = YES;
				CLANG_WARN_NON_LITERAL_NULL_CONVERSION = YES;
				CLANG_WARN_OBJC_IMPLICIT_RETAIN_SELF = YES;
				CLANG_WARN_OBJC_LITERAL_CONVERSION = YES;
				CLANG_WARN_OBJC_ROOT_CLASS = YES_ERROR;
				CLANG_WARN_QUOTED_INCLUDE_IN_FRAMEWORK_HEADER = YES;
				CLANG_WARN_RANGE_LOOP_ANALYSIS = YES;
				CLANG_WARN_STRICT_PROTOTYPES = YES;
				CLANG_WARN_SUSPICIOUS_MOVE = YES;
				CLANG_WARN_UNGUARDED_AVAILABILITY = YES_AGGRESSIVE;
				CLANG_WARN_UNREACHABLE_CODE = YES;
				CLANG_WARN__DUPLICATE_METHOD_MATCH = YES;
				COPY_PHASE_STRIP = NO;
				CURRENT_PROJECT_VERSION = 1;
				DEBUG_INFORMATION_FORMAT = "dwarf-with-dsym";
				ENABLE_NS_ASSERTIONS = NO;
				ENABLE_STRICT_OBJC_MSGSEND = YES;
				GCC_C_LANGUAGE_STANDARD = gnu11;
				GCC_NO_COMMON_BLOCKS = YES;
				GCC_WARN_64_TO_32_BIT_CONVERSION = YES;
				GCC_WARN_ABOUT_RETURN_TYPE = YES_ERROR;
				GCC_WARN_UNDECLARED_SELECTOR = YES;
				GCC_WARN_UNINITIALIZED_AUTOS = YES_AGGRESSIVE;
				GCC_WARN_UNUSED_FUNCTION = YES;
				GCC_WARN_UNUSED_VARIABLE = YES;
				IPHONEOS_DEPLOYMENT_TARGET = 16.0;
				MTL_ENABLE_DEBUG_INFO = NO;
				MTL_FAST_MATH = YES;
				SDKROOT = iphoneos;
				SWIFT_COMPILATION_MODE = wholemodule;
				SWIFT_OPTIMIZATION_LEVEL = "-O";
				VALIDATE_PRODUCT = YES;
				VERSIONING_SYSTEM = "apple-generic";
				VERSION_INFO_PREFIX = "";
			};
			name = Release;
		};
		F18483A1293534D800EC35F4 /* Debug */ = {
			isa = XCBuildConfiguration;
			buildSettings = {
				CLANG_ENABLE_MODULES = YES;
				CODE_SIGN_STYLE = Automatic;
				CURRENT_PROJECT_VERSION = 1;
				DEFINES_MODULE = YES;
				DYLIB_COMPATIBILITY_VERSION = 1;
				DYLIB_CURRENT_VERSION = 1;
				DYLIB_INSTALL_NAME_BASE = "@rpath";
				EXPORTED_SYMBOLS_FILE = "";
				GENERATE_INFOPLIST_FILE = YES;
				HEADER_SEARCH_PATHS = "\"$(SRCROOT)/include\"/**";
				INFOPLIST_KEY_NSHumanReadableCopyright = "";
				INSTALL_PATH = "$(LOCAL_LIBRARY_DIR)/Frameworks";
				IPHONEOS_DEPLOYMENT_TARGET = 15.6;
				KEEP_PRIVATE_EXTERNS = NO;
				LD_RUNPATH_SEARCH_PATHS = (
					"$(inherited)",
					"@executable_path/Frameworks",
					"@loader_path/Frameworks",
				);
				MACH_O_TYPE = mh_dylib;
				MARKETING_VERSION = 1.0;
				MODULEMAP_FILE = "";
				"OTHER_LDFLAGS[sdk=iphoneos*][arch=arm64]" = (
					"$(inherited)",
					"-L\"$(SRCROOT)/../../../../../target/aarch64-apple-ios/debug\"",
					"-Wl,-no_compact_unwind",
					"-lmasonnative",
					"-ObjC",
				);
				"OTHER_LDFLAGS[sdk=iphonesimulator*][arch=arm64]" = (
					"$(inherited)",
					"-L\"$(SRCROOT)/../../../../../target/aarch64-apple-ios-sim/debug\"",
					"-Wl,-no_compact_unwind",
					"-lmasonnative",
					"-ObjC",
				);
				"OTHER_LDFLAGS[sdk=iphonesimulator*][arch=x86_64]" = (
					"$(inherited)",
					"-L\"$(SRCROOT)/../../../../../target/x86_64-apple-ios/debug\"",
					"-Wl,-no_compact_unwind",
					"-lmasonnative",
					"-ObjC",
				);
				OTHER_SWIFT_FLAGS = "-Xcc -Wno-error=non-modular-include-in-framework-module";
				PRODUCT_BUNDLE_IDENTIFIER = org.nativescript.mason.Mason;
				PRODUCT_NAME = "$(TARGET_NAME:c99extidentifier)";
				SKIP_INSTALL = YES;
				SWIFT_EMIT_LOC_STRINGS = YES;
				SWIFT_OPTIMIZATION_LEVEL = "-Onone";
				SWIFT_VERSION = 5.0;
				TARGETED_DEVICE_FAMILY = "1,2";
				USE_HEADERMAP = YES;
			};
			name = Debug;
		};
		F18483A2293534D800EC35F4 /* Release */ = {
			isa = XCBuildConfiguration;
			buildSettings = {
				CLANG_ENABLE_MODULES = YES;
				CODE_SIGN_STYLE = Automatic;
				CURRENT_PROJECT_VERSION = 1;
				DEFINES_MODULE = YES;
				DYLIB_COMPATIBILITY_VERSION = 1;
				DYLIB_CURRENT_VERSION = 1;
				DYLIB_INSTALL_NAME_BASE = "@rpath";
				EXPORTED_SYMBOLS_FILE = "";
				GENERATE_INFOPLIST_FILE = YES;
				HEADER_SEARCH_PATHS = "\"$(SRCROOT)/include\"/**";
				INFOPLIST_KEY_NSHumanReadableCopyright = "";
				INSTALL_PATH = "$(LOCAL_LIBRARY_DIR)/Frameworks";
				IPHONEOS_DEPLOYMENT_TARGET = 15.6;
				KEEP_PRIVATE_EXTERNS = NO;
				LD_RUNPATH_SEARCH_PATHS = (
					"$(inherited)",
					"@executable_path/Frameworks",
					"@loader_path/Frameworks",
				);
				MACH_O_TYPE = mh_dylib;
				MARKETING_VERSION = 1.0;
				MODULEMAP_FILE = "";
				"OTHER_LDFLAGS[sdk=iphoneos*][arch=arm64]" = (
					"$(inherited)",
					"-L\"$(SRCROOT)/../../../../../target/aarch64-apple-ios/release\"",
					"-Wl,-no_compact_unwind",
					"-lmasonnative",
					"-ObjC",
				);
				"OTHER_LDFLAGS[sdk=iphonesimulator*][arch=arm64]" = (
					"$(inherited)",
					"-L\"$(SRCROOT)/../../../../../target/aarch64-apple-ios-sim/release\"",
					"-Wl,-no_compact_unwind",
					"-lmasonnative",
					"-ObjC",
				);
				"OTHER_LDFLAGS[sdk=iphonesimulator*][arch=x86_64]" = (
					"$(inherited)",
					"-L\"$(SRCROOT)/../../../../../target/x86_64-apple-ios/release\"",
					"-Wl,-no_compact_unwind",
					"-lmasonnative",
					"-ObjC",
				);
				OTHER_SWIFT_FLAGS = "-Xcc -Wno-error=non-modular-include-in-framework-module";
				PRODUCT_BUNDLE_IDENTIFIER = org.nativescript.mason.Mason;
				PRODUCT_NAME = "$(TARGET_NAME:c99extidentifier)";
				SKIP_INSTALL = YES;
				SWIFT_EMIT_LOC_STRINGS = YES;
				SWIFT_VERSION = 5.0;
				TARGETED_DEVICE_FAMILY = "1,2";
				USE_HEADERMAP = YES;
			};
			name = Release;
		};
		F18483A4293534D800EC35F4 /* Debug */ = {
			isa = XCBuildConfiguration;
			buildSettings = {
				ALWAYS_EMBED_SWIFT_STANDARD_LIBRARIES = YES;
				CODE_SIGN_STYLE = Automatic;
				CURRENT_PROJECT_VERSION = 1;
				GENERATE_INFOPLIST_FILE = YES;
				MARKETING_VERSION = 1.0;
				PRODUCT_BUNDLE_IDENTIFIER = org.nativescript.mason.MasonTests;
				PRODUCT_NAME = "$(TARGET_NAME)";
				SWIFT_EMIT_LOC_STRINGS = NO;
				SWIFT_VERSION = 5.0;
				TARGETED_DEVICE_FAMILY = "1,2";
			};
			name = Debug;
		};
		F18483A5293534D800EC35F4 /* Release */ = {
			isa = XCBuildConfiguration;
			buildSettings = {
				ALWAYS_EMBED_SWIFT_STANDARD_LIBRARIES = YES;
				CODE_SIGN_STYLE = Automatic;
				CURRENT_PROJECT_VERSION = 1;
				GENERATE_INFOPLIST_FILE = YES;
				MARKETING_VERSION = 1.0;
				PRODUCT_BUNDLE_IDENTIFIER = org.nativescript.mason.MasonTests;
				PRODUCT_NAME = "$(TARGET_NAME)";
				SWIFT_EMIT_LOC_STRINGS = NO;
				SWIFT_VERSION = 5.0;
				TARGETED_DEVICE_FAMILY = "1,2";
			};
			name = Release;
		};
		F18483D22935351300EC35F4 /* Debug */ = {
			isa = XCBuildConfiguration;
			buildSettings = {
				ASSETCATALOG_COMPILER_APPICON_NAME = AppIcon;
				ASSETCATALOG_COMPILER_GLOBAL_ACCENT_COLOR_NAME = AccentColor;
				CODE_SIGN_STYLE = Automatic;
				CURRENT_PROJECT_VERSION = 1;
				GENERATE_INFOPLIST_FILE = YES;
				HEADER_SEARCH_PATHS = "";
				INFOPLIST_FILE = MasonDemo/Info.plist;
				INFOPLIST_KEY_UIApplicationSupportsIndirectInputEvents = YES;
				INFOPLIST_KEY_UILaunchStoryboardName = LaunchScreen;
				INFOPLIST_KEY_UIMainStoryboardFile = Main;
				INFOPLIST_KEY_UISupportedInterfaceOrientations_iPad = "UIInterfaceOrientationPortrait UIInterfaceOrientationPortraitUpsideDown UIInterfaceOrientationLandscapeLeft UIInterfaceOrientationLandscapeRight";
				INFOPLIST_KEY_UISupportedInterfaceOrientations_iPhone = "UIInterfaceOrientationPortrait UIInterfaceOrientationLandscapeLeft UIInterfaceOrientationLandscapeRight";
				LD_RUNPATH_SEARCH_PATHS = (
					"$(inherited)",
					"@executable_path/Frameworks",
				);
				MARKETING_VERSION = 1.0;
				OTHER_SWIFT_FLAGS = "-Xcc -Wno-error=non-modular-include-in-framework-module";
				PRODUCT_BUNDLE_IDENTIFIER = org.nativescript.mason.MasonDemo;
				PRODUCT_NAME = "$(TARGET_NAME)";
				SWIFT_EMIT_LOC_STRINGS = YES;
				SWIFT_VERSION = 5.0;
				TARGETED_DEVICE_FAMILY = "1,2";
				USE_HEADERMAP = YES;
			};
			name = Debug;
		};
		F18483D32935351300EC35F4 /* Release */ = {
			isa = XCBuildConfiguration;
			buildSettings = {
				ASSETCATALOG_COMPILER_APPICON_NAME = AppIcon;
				ASSETCATALOG_COMPILER_GLOBAL_ACCENT_COLOR_NAME = AccentColor;
				CODE_SIGN_STYLE = Automatic;
				CURRENT_PROJECT_VERSION = 1;
				GENERATE_INFOPLIST_FILE = YES;
				HEADER_SEARCH_PATHS = "";
				INFOPLIST_FILE = MasonDemo/Info.plist;
				INFOPLIST_KEY_UIApplicationSupportsIndirectInputEvents = YES;
				INFOPLIST_KEY_UILaunchStoryboardName = LaunchScreen;
				INFOPLIST_KEY_UIMainStoryboardFile = Main;
				INFOPLIST_KEY_UISupportedInterfaceOrientations_iPad = "UIInterfaceOrientationPortrait UIInterfaceOrientationPortraitUpsideDown UIInterfaceOrientationLandscapeLeft UIInterfaceOrientationLandscapeRight";
				INFOPLIST_KEY_UISupportedInterfaceOrientations_iPhone = "UIInterfaceOrientationPortrait UIInterfaceOrientationLandscapeLeft UIInterfaceOrientationLandscapeRight";
				LD_RUNPATH_SEARCH_PATHS = (
					"$(inherited)",
					"@executable_path/Frameworks",
				);
				MARKETING_VERSION = 1.0;
				OTHER_SWIFT_FLAGS = "-Xcc -Wno-error=non-modular-include-in-framework-module";
				PRODUCT_BUNDLE_IDENTIFIER = org.nativescript.mason.MasonDemo;
				PRODUCT_NAME = "$(TARGET_NAME)";
				SWIFT_EMIT_LOC_STRINGS = YES;
				SWIFT_VERSION = 5.0;
				TARGETED_DEVICE_FAMILY = "1,2";
				USE_HEADERMAP = YES;
			};
			name = Release;
		};
		F18483D52935351300EC35F4 /* Debug */ = {
			isa = XCBuildConfiguration;
			buildSettings = {
				ALWAYS_EMBED_SWIFT_STANDARD_LIBRARIES = YES;
				BUNDLE_LOADER = "$(TEST_HOST)";
				CODE_SIGN_STYLE = Automatic;
				CURRENT_PROJECT_VERSION = 1;
				GENERATE_INFOPLIST_FILE = YES;
				IPHONEOS_DEPLOYMENT_TARGET = 16.0;
				MARKETING_VERSION = 1.0;
				PRODUCT_BUNDLE_IDENTIFIER = org.nativescript.mason.MasonDemoTests;
				PRODUCT_NAME = "$(TARGET_NAME)";
				SWIFT_EMIT_LOC_STRINGS = NO;
				SWIFT_VERSION = 5.0;
				TARGETED_DEVICE_FAMILY = "1,2";
				TEST_HOST = "$(BUILT_PRODUCTS_DIR)/MasonDemo.app/$(BUNDLE_EXECUTABLE_FOLDER_PATH)/MasonDemo";
			};
			name = Debug;
		};
		F18483D62935351300EC35F4 /* Release */ = {
			isa = XCBuildConfiguration;
			buildSettings = {
				ALWAYS_EMBED_SWIFT_STANDARD_LIBRARIES = YES;
				BUNDLE_LOADER = "$(TEST_HOST)";
				CODE_SIGN_STYLE = Automatic;
				CURRENT_PROJECT_VERSION = 1;
				GENERATE_INFOPLIST_FILE = YES;
				IPHONEOS_DEPLOYMENT_TARGET = 16.0;
				MARKETING_VERSION = 1.0;
				PRODUCT_BUNDLE_IDENTIFIER = org.nativescript.mason.MasonDemoTests;
				PRODUCT_NAME = "$(TARGET_NAME)";
				SWIFT_EMIT_LOC_STRINGS = NO;
				SWIFT_VERSION = 5.0;
				TARGETED_DEVICE_FAMILY = "1,2";
				TEST_HOST = "$(BUILT_PRODUCTS_DIR)/MasonDemo.app/$(BUNDLE_EXECUTABLE_FOLDER_PATH)/MasonDemo";
			};
			name = Release;
		};
		F18483D82935351300EC35F4 /* Debug */ = {
			isa = XCBuildConfiguration;
			buildSettings = {
				ALWAYS_EMBED_SWIFT_STANDARD_LIBRARIES = YES;
				CODE_SIGN_STYLE = Automatic;
				CURRENT_PROJECT_VERSION = 1;
				GENERATE_INFOPLIST_FILE = YES;
				MARKETING_VERSION = 1.0;
				PRODUCT_BUNDLE_IDENTIFIER = org.nativescript.mason.MasonDemoUITests;
				PRODUCT_NAME = "$(TARGET_NAME)";
				SWIFT_EMIT_LOC_STRINGS = NO;
				SWIFT_VERSION = 5.0;
				TARGETED_DEVICE_FAMILY = "1,2";
				TEST_TARGET_NAME = MasonDemo;
			};
			name = Debug;
		};
		F18483D92935351300EC35F4 /* Release */ = {
			isa = XCBuildConfiguration;
			buildSettings = {
				ALWAYS_EMBED_SWIFT_STANDARD_LIBRARIES = YES;
				CODE_SIGN_STYLE = Automatic;
				CURRENT_PROJECT_VERSION = 1;
				GENERATE_INFOPLIST_FILE = YES;
				MARKETING_VERSION = 1.0;
				PRODUCT_BUNDLE_IDENTIFIER = org.nativescript.mason.MasonDemoUITests;
				PRODUCT_NAME = "$(TARGET_NAME)";
				SWIFT_EMIT_LOC_STRINGS = NO;
				SWIFT_VERSION = 5.0;
				TARGETED_DEVICE_FAMILY = "1,2";
				TEST_TARGET_NAME = MasonDemo;
			};
			name = Release;
		};
/* End XCBuildConfiguration section */

/* Begin XCConfigurationList section */
		F1848386293534D800EC35F4 /* Build configuration list for PBXProject "Mason" */ = {
			isa = XCConfigurationList;
			buildConfigurations = (
				F184839E293534D800EC35F4 /* Debug */,
				F184839F293534D800EC35F4 /* Release */,
			);
			defaultConfigurationIsVisible = 0;
			defaultConfigurationName = Release;
		};
		F18483A0293534D800EC35F4 /* Build configuration list for PBXNativeTarget "Mason" */ = {
			isa = XCConfigurationList;
			buildConfigurations = (
				F18483A1293534D800EC35F4 /* Debug */,
				F18483A2293534D800EC35F4 /* Release */,
			);
			defaultConfigurationIsVisible = 0;
			defaultConfigurationName = Release;
		};
		F18483A3293534D800EC35F4 /* Build configuration list for PBXNativeTarget "MasonTests" */ = {
			isa = XCConfigurationList;
			buildConfigurations = (
				F18483A4293534D800EC35F4 /* Debug */,
				F18483A5293534D800EC35F4 /* Release */,
			);
			defaultConfigurationIsVisible = 0;
			defaultConfigurationName = Release;
		};
		F18483D12935351300EC35F4 /* Build configuration list for PBXNativeTarget "MasonDemo" */ = {
			isa = XCConfigurationList;
			buildConfigurations = (
				F18483D22935351300EC35F4 /* Debug */,
				F18483D32935351300EC35F4 /* Release */,
			);
			defaultConfigurationIsVisible = 0;
			defaultConfigurationName = Release;
		};
		F18483D42935351300EC35F4 /* Build configuration list for PBXNativeTarget "MasonDemoTests" */ = {
			isa = XCConfigurationList;
			buildConfigurations = (
				F18483D52935351300EC35F4 /* Debug */,
				F18483D62935351300EC35F4 /* Release */,
			);
			defaultConfigurationIsVisible = 0;
			defaultConfigurationName = Release;
		};
		F18483D72935351300EC35F4 /* Build configuration list for PBXNativeTarget "MasonDemoUITests" */ = {
			isa = XCConfigurationList;
			buildConfigurations = (
				F18483D82935351300EC35F4 /* Debug */,
				F18483D92935351300EC35F4 /* Release */,
			);
			defaultConfigurationIsVisible = 0;
			defaultConfigurationName = Release;
		};
/* End XCConfigurationList section */
	};
	rootObject = F1848383293534D800EC35F4 /* Project object */;
}
